{
  "name": "server",
  "version": "1.0.0",
  "lockfileVersion": 1,
  "requires": true,
  "dependencies": {
    "accepts": {
      "version": "1.3.4",
      "resolved": "http://registry.npm.taobao.org/accepts/download/accepts-1.3.4.tgz",
      "integrity": "sha1-hiRnWMfdbSGmR0/whKR0DsBesh8=",
      "requires": {
        "mime-types": "2.1.17",
        "negotiator": "0.6.1"
      }
    },
    "address": {
      "version": "1.0.3",
      "resolved": "http://registry.npm.taobao.org/address/download/address-1.0.3.tgz",
      "integrity": "sha1-tfUGMfjWzsi9IMljljr7VeBsvOk="
    },
    "agent-base": {
      "version": "4.2.0",
      "resolved": "http://registry.npm.taobao.org/agent-base/download/agent-base-4.2.0.tgz",
      "integrity": "sha1-mDi1wzkrliutAx5qTF4QJKvsRc4=",
      "requires": {
        "es6-promisify": "5.0.0"
      }
    },
    "agentkeepalive": {
      "version": "3.3.0",
      "resolved": "http://registry.npm.taobao.org/agentkeepalive/download/agentkeepalive-3.3.0.tgz",
      "integrity": "sha1-bV3lgpr9O+JxIgGjknX9EcZRhXw=",
      "requires": {
        "humanize-ms": "1.2.1"
      }
    },
    "any-promise": {
      "version": "1.3.0",
      "resolved": "http://registry.npm.taobao.org/any-promise/download/any-promise-1.3.0.tgz",
      "integrity": "sha1-q8av7tzqUugJzcA3au0845Y10X8="
    },
    "async": {
      "version": "2.1.4",
      "resolved": "http://registry.npm.taobao.org/async/download/async-2.1.4.tgz",
      "integrity": "sha1-LSFgx3iAMuTdbL4lAvH5osj2zeQ=",
      "requires": {
        "lodash": "4.17.5"
      }
    },
    "async-limiter": {
      "version": "1.0.0",
      "resolved": "http://registry.npm.taobao.org/async-limiter/download/async-limiter-1.0.0.tgz",
      "integrity": "sha1-ePrtjD0HSrgfIrTphdeehzj3IPg="
    },
    "balanced-match": {
      "version": "1.0.0",
      "resolved": "http://registry.npm.taobao.org/balanced-match/download/balanced-match-1.0.0.tgz",
      "integrity": "sha1-ibTRmasr7kneFk6gK4nORi1xt2c="
    },
    "bluebird": {
      "version": "3.5.1",
      "resolved": "http://registry.npm.taobao.org/bluebird/download/bluebird-3.5.1.tgz",
      "integrity": "sha1-2VUfnemPH82h5oPRfukaBgLuLrk="
    },
    "brace-expansion": {
      "version": "1.1.8",
      "resolved": "http://registry.npm.taobao.org/brace-expansion/download/brace-expansion-1.1.8.tgz",
      "integrity": "sha1-wHshHHyVLsH479Uad+8NHTmQopI=",
      "requires": {
        "balanced-match": "1.0.0",
        "concat-map": "0.0.1"
      }
    },
    "bson": {
      "version": "1.0.4",
      "resolved": "http://registry.npm.taobao.org/bson/download/bson-1.0.4.tgz",
      "integrity": "sha1-k8ENOeqltYQVy8QFLz5T5WKwtyw="
    },
    "co": {
      "version": "4.6.0",
      "resolved": "http://registry.npm.taobao.org/co/download/co-4.6.0.tgz",
      "integrity": "sha1-bqa989hTrlTMuOR7+gvz+QMfsYQ="
    },
    "concat-map": {
      "version": "0.0.1",
      "resolved": "http://registry.npm.taobao.org/concat-map/download/concat-map-0.0.1.tgz",
      "integrity": "sha1-2Klr13/Wjfd5OnMDajug1UBdR3s="
    },
    "concat-stream": {
      "version": "1.6.0",
      "resolved": "http://registry.npm.taobao.org/concat-stream/download/concat-stream-1.6.0.tgz",
      "integrity": "sha1-CqxmL9Ur54lk1VMvaUeE5wEQrPc=",
      "requires": {
        "inherits": "2.0.3",
        "readable-stream": "2.3.3",
        "typedarray": "0.0.6"
      }
    },
    "content-disposition": {
      "version": "0.5.2",
      "resolved": "http://registry.npm.taobao.org/content-disposition/download/content-disposition-0.5.2.tgz",
      "integrity": "sha1-DPaLud318r55YcOoUXjLhdunjLQ="
    },
    "content-type": {
      "version": "1.0.4",
      "resolved": "http://registry.npm.taobao.org/content-type/download/content-type-1.0.4.tgz",
      "integrity": "sha1-4TjMdeBAxyexlm/l5fjJruJW/js="
    },
    "cookies": {
      "version": "0.7.1",
      "resolved": "http://registry.npm.taobao.org/cookies/download/cookies-0.7.1.tgz",
      "integrity": "sha1-fIphX1SBxhq58WyDNzG8uPZjuZs=",
      "requires": {
        "depd": "1.1.2",
        "keygrip": "1.0.2"
      }
    },
    "core-util-is": {
      "version": "1.0.2",
      "resolved": "http://registry.npm.taobao.org/core-util-is/download/core-util-is-1.0.2.tgz",
      "integrity": "sha1-tf1UIgqivFq1eqtxQMlAdUUDwac="
    },
    "crc32": {
      "version": "0.2.2",
      "resolved": "http://registry.npm.taobao.org/crc32/download/crc32-0.2.2.tgz",
      "integrity": "sha1-etIg1v/c0Rn5/BJ6d3LKzqOQpLo="
    },
    "debug": {
      "version": "3.1.0",
      "resolved": "http://registry.npm.taobao.org/debug/download/debug-3.1.0.tgz",
      "integrity": "sha1-W7WgZyYotkFJVmuhaBnmFRjGcmE=",
      "requires": {
        "ms": "2.0.0"
      }
    },
    "deep-equal": {
      "version": "1.0.1",
      "resolved": "http://registry.npm.taobao.org/deep-equal/download/deep-equal-1.0.1.tgz",
      "integrity": "sha1-9dJgKStmDghO/0zbyfCK0yR0SLU="
    },
    "default-user-agent": {
      "version": "1.0.0",
      "resolved": "http://registry.npm.taobao.org/default-user-agent/download/default-user-agent-1.0.0.tgz",
      "integrity": "sha1-FsRu/cq6PtxF8k8r1IaLAbfCrcY=",
      "requires": {
        "os-name": "1.0.3"
      }
    },
    "delegates": {
      "version": "1.0.0",
      "resolved": "http://registry.npm.taobao.org/delegates/download/delegates-1.0.0.tgz",
      "integrity": "sha1-hMbhWbgZBP3KWaDvRM2HDTElD5o="
    },
    "depd": {
      "version": "1.1.2",
      "resolved": "http://registry.npm.taobao.org/depd/download/depd-1.1.2.tgz",
      "integrity": "sha1-m81S4UwJd2PnSbJ0xDRu0uVgtak="
    },
    "destroy": {
      "version": "1.0.4",
      "resolved": "http://registry.npm.taobao.org/destroy/download/destroy-1.0.4.tgz",
      "integrity": "sha1-l4hXRCxEdJ5CBmE+N5RiBYJqvYA="
    },
    "digest-header": {
      "version": "0.0.1",
      "resolved": "http://registry.npm.taobao.org/digest-header/download/digest-header-0.0.1.tgz",
      "integrity": "sha1-Ecz23uxXZqw3l0TZAcEsuklRS+Y=",
      "requires": {
        "utility": "0.1.11"
      }
    },
    "ee-first": {
      "version": "1.1.1",
      "resolved": "http://registry.npm.taobao.org/ee-first/download/ee-first-1.1.1.tgz",
      "integrity": "sha1-WQxhFWsK4vTwJVcyoViyZrxWsh0="
    },
    "encodeurl": {
      "version": "1.0.2",
      "resolved": "http://registry.npm.taobao.org/encodeurl/download/encodeurl-1.0.2.tgz",
      "integrity": "sha1-rT/0yG7C0CkyL1oCw6mmBslbP1k="
    },
    "error-inject": {
      "version": "1.0.0",
      "resolved": "http://registry.npm.taobao.org/error-inject/download/error-inject-1.0.0.tgz",
      "integrity": "sha1-4rPZG1Su1nLzCdlQ0VSFD6EdTzc="
    },
    "es6-promise": {
      "version": "4.2.4",
      "resolved": "http://registry.npm.taobao.org/es6-promise/download/es6-promise-4.2.4.tgz",
      "integrity": "sha1-3EIhwrFlGHYL2MOaUtjzVvwA7Sk="
    },
    "es6-promisify": {
      "version": "5.0.0",
      "resolved": "http://registry.npm.taobao.org/es6-promisify/download/es6-promisify-5.0.0.tgz",
      "integrity": "sha1-UQnWLz5W6pZ8S2NQWu8IKRyKUgM=",
      "requires": {
        "es6-promise": "4.2.4"
      }
    },
    "escape-html": {
      "version": "1.0.3",
      "resolved": "http://registry.npm.taobao.org/escape-html/download/escape-html-1.0.3.tgz",
      "integrity": "sha1-Aljq5NPQwJdN4cFpGI7wBR0dGYg="
    },
    "extract-zip": {
      "version": "1.6.6",
      "resolved": "http://registry.npm.taobao.org/extract-zip/download/extract-zip-1.6.6.tgz",
      "integrity": "sha1-EpDt6NINCHK0Kf0/NRyhKOxe+Fw=",
      "requires": {
        "concat-stream": "1.6.0",
        "debug": "2.6.9",
        "mkdirp": "0.5.0",
        "yauzl": "2.4.1"
      },
      "dependencies": {
        "debug": {
          "version": "2.6.9",
          "resolved": "http://registry.npm.taobao.org/debug/download/debug-2.6.9.tgz",
          "integrity": "sha1-XRKFFd8TT/Mn6QpMk/Tgd6U2NB8=",
          "requires": {
            "ms": "2.0.0"
          }
        }
      }
    },
    "fd-slicer": {
      "version": "1.0.1",
      "resolved": "http://registry.npm.taobao.org/fd-slicer/download/fd-slicer-1.0.1.tgz",
      "integrity": "sha1-i1vL2ewyfFBBv5qwI/1nUPEXfmU=",
      "requires": {
        "pend": "1.2.0"
      }
    },
    "formstream": {
      "version": "1.1.0",
      "resolved": "http://registry.npm.taobao.org/formstream/download/formstream-1.1.0.tgz",
      "integrity": "sha1-UfOXDyYTbrCtRDBN5M67UCB7RHk=",
      "requires": {
        "destroy": "1.0.4",
        "mime": "1.6.0",
        "pause-stream": "0.0.11"
      }
    },
    "fresh": {
      "version": "0.5.2",
      "resolved": "http://registry.npm.taobao.org/fresh/download/fresh-0.5.2.tgz",
      "integrity": "sha1-PYyt2Q2XZWn6g1qx+OSyOhBWBac="
    },
    "fs.realpath": {
      "version": "1.0.0",
      "resolved": "http://registry.npm.taobao.org/fs.realpath/download/fs.realpath-1.0.0.tgz",
      "integrity": "sha1-FQStJSMVjKpA20onh8sBQRmU6k8="
    },
    "glob": {
      "version": "7.1.2",
      "resolved": "http://registry.npm.taobao.org/glob/download/glob-7.1.2.tgz",
      "integrity": "sha1-wZyd+aAocC1nhhI4SmVSQExjbRU=",
      "requires": {
        "fs.realpath": "1.0.0",
        "inflight": "1.0.6",
        "inherits": "2.0.3",
        "minimatch": "3.0.4",
        "once": "1.4.0",
        "path-is-absolute": "1.0.1"
      }
    },
    "http-assert": {
      "version": "1.3.0",
      "resolved": "http://registry.npm.taobao.org/http-assert/download/http-assert-1.3.0.tgz",
      "integrity": "sha1-oxpc+IyHPsu1eWkH1NbxMujAHko=",
      "requires": {
        "deep-equal": "1.0.1",
        "http-errors": "1.6.2"
      }
    },
    "http-errors": {
      "version": "1.6.2",
      "resolved": "http://registry.npm.taobao.org/http-errors/download/http-errors-1.6.2.tgz",
      "integrity": "sha1-CgAsyFcHGSp+eUbO7cERVfYOxzY=",
      "requires": {
        "depd": "1.1.1",
        "inherits": "2.0.3",
        "setprototypeof": "1.0.3",
        "statuses": "1.4.0"
      },
      "dependencies": {
        "depd": {
          "version": "1.1.1",
          "resolved": "http://registry.npm.taobao.org/depd/download/depd-1.1.1.tgz",
          "integrity": "sha1-V4O04cRZ8G+lyif5kfPQbnoxA1k="
        }
      }
    },
    "https-proxy-agent": {
      "version": "2.1.1",
      "resolved": "http://registry.npm.taobao.org/https-proxy-agent/download/https-proxy-agent-2.1.1.tgz",
      "integrity": "sha1-p85DgqG6gmbuhIV4d4Ei1JEmD9k=",
      "requires": {
        "agent-base": "4.2.0",
        "debug": "3.1.0"
      }
    },
    "humanize-ms": {
      "version": "1.2.1",
      "resolved": "http://registry.npm.taobao.org/humanize-ms/download/humanize-ms-1.2.1.tgz",
      "integrity": "sha1-xG4xWaKT9riW2ikxbYtv6Lt5u+0=",
      "requires": {
        "ms": "2.0.0"
      }
    },
    "iconv-lite": {
      "version": "0.4.19",
      "resolved": "http://registry.npm.taobao.org/iconv-lite/download/iconv-lite-0.4.19.tgz",
      "integrity": "sha1-90aPYBNfXl2tM5nAqBvpoWA6CCs="
    },
    "inflight": {
      "version": "1.0.6",
      "resolved": "http://registry.npm.taobao.org/inflight/download/inflight-1.0.6.tgz",
      "integrity": "sha1-Sb1jMdfQLQwJvJEKEHW6gWW1bfk=",
      "requires": {
        "once": "1.4.0",
        "wrappy": "1.0.2"
      }
    },
    "inherits": {
      "version": "2.0.3",
      "resolved": "http://registry.npm.taobao.org/inherits/download/inherits-2.0.3.tgz",
      "integrity": "sha1-Yzwsg+PaQqUC9SRmAiSA9CCCYd4="
    },
    "is-generator-function": {
      "version": "1.0.7",
      "resolved": "http://registry.npm.taobao.org/is-generator-function/download/is-generator-function-1.0.7.tgz",
      "integrity": "sha1-0hMuUpuwAAp/gHlNS99c1eWBNSI="
    },
    "isarray": {
      "version": "1.0.0",
      "resolved": "http://registry.npm.taobao.org/isarray/download/isarray-1.0.0.tgz",
      "integrity": "sha1-u5NdSFgsuhaMBoNJV6VKPgcSTxE="
    },
    "kareem": {
      "version": "2.0.3",
      "resolved": "http://registry.npm.taobao.org/kareem/download/kareem-2.0.3.tgz",
      "integrity": "sha1-0Fx612sEW8UMGXss0T0tHvVnEHA="
    },
    "keygrip": {
      "version": "1.0.2",
      "resolved": "http://registry.npm.taobao.org/keygrip/download/keygrip-1.0.2.tgz",
      "integrity": "sha1-rTKXxVcGneqLz+ek+kkbdcXd65E="
    },
    "koa": {
      "version": "2.4.1",
      "resolved": "http://registry.npm.taobao.org/koa/download/koa-2.4.1.tgz",
      "integrity": "sha1-1EnPuXCn6dpXH2me2kC7njLrFIQ=",
      "requires": {
        "accepts": "1.3.4",
        "content-disposition": "0.5.2",
        "content-type": "1.0.4",
        "cookies": "0.7.1",
        "debug": "3.1.0",
        "delegates": "1.0.0",
        "depd": "1.1.2",
        "destroy": "1.0.4",
        "error-inject": "1.0.0",
        "escape-html": "1.0.3",
        "fresh": "0.5.2",
        "http-assert": "1.3.0",
        "http-errors": "1.6.2",
        "is-generator-function": "1.0.7",
        "koa-compose": "4.0.0",
        "koa-convert": "1.2.0",
        "koa-is-json": "1.0.0",
        "mime-types": "2.1.17",
        "on-finished": "2.3.0",
        "only": "0.0.2",
        "parseurl": "1.3.2",
        "statuses": "1.4.0",
        "type-is": "1.6.15",
        "vary": "1.1.2"
      }
    },
    "koa-compose": {
      "version": "4.0.0",
      "resolved": "http://registry.npm.taobao.org/koa-compose/download/koa-compose-4.0.0.tgz",
      "integrity": "sha1-KAClE9nDYe8NY4UrA45Pby1adzw="
    },
    "koa-convert": {
      "version": "1.2.0",
      "resolved": "http://registry.npm.taobao.org/koa-convert/download/koa-convert-1.2.0.tgz",
      "integrity": "sha1-2kCHXfSd4FOQmNFwC1CCDOvNIdA=",
      "requires": {
        "co": "4.6.0",
        "koa-compose": "3.2.1"
      },
      "dependencies": {
        "koa-compose": {
          "version": "3.2.1",
          "resolved": "http://registry.npm.taobao.org/koa-compose/download/koa-compose-3.2.1.tgz",
          "integrity": "sha1-qFzLQLfZhtjlo0Wzoazo6rz1Tec=",
          "requires": {
            "any-promise": "1.3.0"
          }
        }
      }
    },
    "koa-is-json": {
      "version": "1.0.0",
      "resolved": "http://registry.npm.taobao.org/koa-is-json/download/koa-is-json-1.0.0.tgz",
      "integrity": "sha1-JzwH7c3Ljfaiwat9We52SRRR7BQ="
    },
    "koa-send": {
      "version": "4.1.2",
      "resolved": "http://registry.npm.taobao.org/koa-send/download/koa-send-4.1.2.tgz",
      "integrity": "sha1-koYdGExNhFilT5LmcI4JsU1kERw=",
      "requires": {
        "debug": "2.6.9",
        "http-errors": "1.6.2",
        "mz": "2.7.0",
        "resolve-path": "1.3.3"
      },
      "dependencies": {
        "debug": {
          "version": "2.6.9",
          "resolved": "http://registry.npm.taobao.org/debug/download/debug-2.6.9.tgz",
          "integrity": "sha1-XRKFFd8TT/Mn6QpMk/Tgd6U2NB8=",
          "requires": {
            "ms": "2.0.0"
          }
        }
      }
    },
    "koa-static": {
      "version": "4.0.2",
      "resolved": "http://registry.npm.taobao.org/koa-static/download/koa-static-4.0.2.tgz",
      "integrity": "sha1-bNqS2I13Hcqtnw2CXNlKYxyGGho=",
      "requires": {
        "debug": "2.6.9",
        "koa-send": "4.1.2"
      },
      "dependencies": {
        "debug": {
          "version": "2.6.9",
          "resolved": "http://registry.npm.taobao.org/debug/download/debug-2.6.9.tgz",
          "integrity": "sha1-XRKFFd8TT/Mn6QpMk/Tgd6U2NB8=",
          "requires": {
            "ms": "2.0.0"
          }
        }
      }
    },
    "lodash": {
      "version": "4.17.5",
      "resolved": "http://registry.npm.taobao.org/lodash/download/lodash-4.17.5.tgz",
      "integrity": "sha1-maktZcAnLevoyWtgV7yPv6O+1RE="
    },
    "lodash.get": {
      "version": "4.4.2",
      "resolved": "http://registry.npm.taobao.org/lodash.get/download/lodash.get-4.4.2.tgz",
      "integrity": "sha1-LRd/ZS+jHpObRDjVNBSZ36OCXpk="
    },
    "media-typer": {
      "version": "0.3.0",
      "resolved": "http://registry.npm.taobao.org/media-typer/download/media-typer-0.3.0.tgz",
      "integrity": "sha1-hxDXrwqmJvj/+hzgAWhUUmMlV0g="
    },
    "mime": {
      "version": "1.6.0",
      "resolved": "http://registry.npm.taobao.org/mime/download/mime-1.6.0.tgz",
      "integrity": "sha1-Ms2eXGRVO9WNGaVor0Uqz/BJgbE="
    },
    "mime-db": {
      "version": "1.30.0",
      "resolved": "http://registry.npm.taobao.org/mime-db/download/mime-db-1.30.0.tgz",
      "integrity": "sha1-dMZD2i3Z1qRTmZY0ZbJtXKfXHwE="
    },
    "mime-types": {
      "version": "2.1.17",
      "resolved": "http://registry.npm.taobao.org/mime-types/download/mime-types-2.1.17.tgz",
      "integrity": "sha1-Cdejk/A+mVp5+K+Fe3Cp4KsWVXo=",
      "requires": {
        "mime-db": "1.30.0"
      }
    },
    "minimatch": {
      "version": "3.0.4",
      "resolved": "http://registry.npm.taobao.org/minimatch/download/minimatch-3.0.4.tgz",
      "integrity": "sha1-UWbihkV/AzBgZL5Ul+jbsMPTIIM=",
      "requires": {
        "brace-expansion": "1.1.8"
      }
    },
    "minimist": {
      "version": "0.0.8",
      "resolved": "http://registry.npm.taobao.org/minimist/download/minimist-0.0.8.tgz",
      "integrity": "sha1-hX/Kv8M5fSYluCKCYuhqp6ARsF0="
    },
    "mkdirp": {
      "version": "0.5.0",
      "resolved": "http://registry.npm.taobao.org/mkdirp/download/mkdirp-0.5.0.tgz",
      "integrity": "sha1-HXMHam35hs2TROFecfzAWkyavxI=",
      "requires": {
        "minimist": "0.0.8"
      }
    },
    "mongodb": {
      "version": "3.0.2",
      "resolved": "http://registry.npm.taobao.org/mongodb/download/mongodb-3.0.2.tgz",
      "integrity": "sha1-KBcjAu1Ok4jYCR4sxGGAV+b13rw=",
      "requires": {
        "mongodb-core": "3.0.2"
      }
    },
    "mongodb-core": {
      "version": "3.0.2",
      "resolved": "http://registry.npm.taobao.org/mongodb-core/download/mongodb-core-3.0.2.tgz",
      "integrity": "sha1-kUiWCS3UVCfZpPmKeZegv7gdFjs=",
      "requires": {
        "bson": "1.0.4",
        "require_optional": "1.0.1"
      }
    },
    "mongoose": {
      "version": "5.0.3",
      "resolved": "http://registry.npm.taobao.org/mongoose/download/mongoose-5.0.3.tgz",
      "integrity": "sha1-4yDGKfpE5K+6HYtKyGX5pM6n8Vc=",
      "requires": {
        "async": "2.1.4",
        "bson": "1.0.4",
        "kareem": "2.0.3",
        "lodash.get": "4.4.2",
        "mongodb": "3.0.2",
        "mongoose-legacy-pluralize": "1.0.2",
        "mpath": "0.3.0",
        "mquery": "3.0.0",
        "ms": "2.0.0",
        "regexp-clone": "0.0.1",
        "sliced": "1.0.1"
      }
    },
    "mongoose-legacy-pluralize": {
      "version": "1.0.2",
      "resolved": "http://registry.npm.taobao.org/mongoose-legacy-pluralize/download/mongoose-legacy-pluralize-1.0.2.tgz",
      "integrity": "sha1-O6n5H6UHtRhtOZ+0CFS/8Y+1Y+Q="
    },
    "mpath": {
      "version": "0.3.0",
      "resolved": "http://registry.npm.taobao.org/mpath/download/mpath-0.3.0.tgz",
      "integrity": "sha1-elj3iem1/TyUUgY0FXlg8mvV70Q="
    },
    "mquery": {
      "version": "3.0.0",
      "resolved": "http://registry.npm.taobao.org/mquery/download/mquery-3.0.0.tgz",
      "integrity": "sha1-5fOH26vAubaYWeVQ6BD6q+DOq7A=",
      "requires": {
        "bluebird": "3.5.0",
        "debug": "2.6.9",
        "regexp-clone": "0.0.1",
        "sliced": "0.0.5"
      },
      "dependencies": {
        "bluebird": {
          "version": "3.5.0",
          "resolved": "http://registry.npm.taobao.org/bluebird/download/bluebird-3.5.0.tgz",
          "integrity": "sha1-eRQg1/VR7qKJdFOop3ZT+WYG1nw="
        },
        "debug": {
          "version": "2.6.9",
          "resolved": "http://registry.npm.taobao.org/debug/download/debug-2.6.9.tgz",
          "integrity": "sha1-XRKFFd8TT/Mn6QpMk/Tgd6U2NB8=",
          "requires": {
            "ms": "2.0.0"
          }
        },
        "sliced": {
          "version": "0.0.5",
          "resolved": "http://registry.npm.taobao.org/sliced/download/sliced-0.0.5.tgz",
          "integrity": "sha1-XtwETKTrb3gW1Qui/GPiXY/kcH8="
        }
      }
    },
    "ms": {
      "version": "2.0.0",
      "resolved": "http://registry.npm.taobao.org/ms/download/ms-2.0.0.tgz",
      "integrity": "sha1-VgiurfwAvmwpAd9fmGF4jeDVl8g="
    },
    "mz": {
      "version": "2.7.0",
      "resolved": "http://registry.npm.taobao.org/mz/download/mz-2.7.0.tgz",
      "integrity": "sha1-lQCAV6Vsr63CvGPd5/n/aVWUjjI=",
      "requires": {
        "any-promise": "1.3.0",
        "object-assign": "4.1.1",
        "thenify-all": "1.6.0"
      }
    },
    "nanoid": {
      "version": "1.0.1",
      "resolved": "http://registry.npm.taobao.org/nanoid/download/nanoid-1.0.1.tgz",
      "integrity": "sha1-WKjgV32dsHrk8jGjr6Wa+U5PxDk="
    },
    "negotiator": {
      "version": "0.6.1",
      "resolved": "http://registry.npm.taobao.org/negotiator/download/negotiator-0.6.1.tgz",
      "integrity": "sha1-KzJxhOiZIQEXeyhWP7XnECrNDKk="
    },
    "object-assign": {
      "version": "4.1.1",
      "resolved": "http://registry.npm.taobao.org/object-assign/download/object-assign-4.1.1.tgz",
      "integrity": "sha1-IQmtx5ZYh8/AXLvUQsrIv7s2CGM="
    },
    "on-finished": {
      "version": "2.3.0",
      "resolved": "http://registry.npm.taobao.org/on-finished/download/on-finished-2.3.0.tgz",
      "integrity": "sha1-IPEzZIGwg811M3mSoWlxqi2QaUc=",
      "requires": {
        "ee-first": "1.1.1"
      }
    },
    "once": {
      "version": "1.4.0",
      "resolved": "http://registry.npm.taobao.org/once/download/once-1.4.0.tgz",
      "integrity": "sha1-WDsap3WWHUsROsF9nFC6753Xa9E=",
      "requires": {
        "wrappy": "1.0.2"
      }
    },
    "only": {
      "version": "0.0.2",
      "resolved": "http://registry.npm.taobao.org/only/download/only-0.0.2.tgz",
      "integrity": "sha1-Kv3oTQPlC5qO3EROMGEKcCle37Q="
    },
    "os-name": {
      "version": "1.0.3",
      "resolved": "http://registry.npm.taobao.org/os-name/download/os-name-1.0.3.tgz",
      "integrity": "sha1-GzefZINa98Wn9JizV8uVIVwVnt8=",
      "requires": {
        "osx-release": "1.1.0",
        "win-release": "1.1.1"
      }
    },
    "osx-release": {
      "version": "1.1.0",
      "resolved": "http://registry.npm.taobao.org/osx-release/download/osx-release-1.1.0.tgz",
      "integrity": "sha1-8heRGigTaUmvG/kwiyQeJzfTzWw=",
      "requires": {
        "minimist": "1.2.0"
      },
      "dependencies": {
        "minimist": {
          "version": "1.2.0",
          "resolved": "http://registry.npm.taobao.org/minimist/download/minimist-1.2.0.tgz",
          "integrity": "sha1-o1AIsg9BOD7sH7kU9M1d95omQoQ="
        }
      }
    },
    "parseurl": {
      "version": "1.3.2",
      "resolved": "http://registry.npm.taobao.org/parseurl/download/parseurl-1.3.2.tgz",
      "integrity": "sha1-/CidTtiZMRlGDBViUyYs3I3mW/M="
    },
    "path-is-absolute": {
      "version": "1.0.1",
      "resolved": "http://registry.npm.taobao.org/path-is-absolute/download/path-is-absolute-1.0.1.tgz",
      "integrity": "sha1-F0uSaHNVNP+8es5r9TpanhtcX18="
    },
    "pause-stream": {
      "version": "0.0.11",
      "resolved": "http://registry.npm.taobao.org/pause-stream/download/pause-stream-0.0.11.tgz",
      "integrity": "sha1-/lo0sMvOErWqaitAPuLnO2AvFEU=",
      "requires": {
        "through": "2.3.8"
      }
    },
    "pend": {
      "version": "1.2.0",
      "resolved": "http://registry.npm.taobao.org/pend/download/pend-1.2.0.tgz",
      "integrity": "sha1-elfrVQpng/kRUzH89GY9XI4AelA="
    },
    "process-nextick-args": {
      "version": "1.0.7",
      "resolved": "http://registry.npm.taobao.org/process-nextick-args/download/process-nextick-args-1.0.7.tgz",
      "integrity": "sha1-FQ4gt1ZZCtP5EJPyWk8q2L/zC6M="
    },
    "progress": {
      "version": "2.0.0",
      "resolved": "http://registry.npm.taobao.org/progress/download/progress-2.0.0.tgz",
      "integrity": "sha1-ihvjZr+Pwj2yvSPxDG/pILQ4nR8="
    },
    "proxy-from-env": {
      "version": "1.0.0",
      "resolved": "http://registry.npm.taobao.org/proxy-from-env/download/proxy-from-env-1.0.0.tgz",
      "integrity": "sha1-M8UDmPcOp+uW0h97gXYwpVeRx+4="
    },
    "puppeteer": {
      "version": "1.0.0",
      "resolved": "http://registry.npm.taobao.org/puppeteer/download/puppeteer-1.0.0.tgz",
      "integrity": "sha1-IPO7atbGd4tNH7dQ6Aiin+wKiKQ=",
      "requires": {
        "debug": "2.6.9",
        "extract-zip": "1.6.6",
        "https-proxy-agent": "2.1.1",
        "mime": "1.6.0",
        "progress": "2.0.0",
        "proxy-from-env": "1.0.0",
        "rimraf": "2.6.2",
        "ws": "3.3.3"
      },
      "dependencies": {
        "debug": {
          "version": "2.6.9",
          "resolved": "http://registry.npm.taobao.org/debug/download/debug-2.6.9.tgz",
          "integrity": "sha1-XRKFFd8TT/Mn6QpMk/Tgd6U2NB8=",
          "requires": {
            "ms": "2.0.0"
          }
        }
      }
    },
    "qiniu": {
      "version": "7.1.2",
      "resolved": "http://registry.npm.taobao.org/qiniu/download/qiniu-7.1.2.tgz",
      "integrity": "sha1-44aut7I8p84D/nxdCmXVG4bEUao=",
      "requires": {
        "agentkeepalive": "3.3.0",
        "crc32": "0.2.2",
        "encodeurl": "1.0.2",
        "formstream": "1.1.0",
        "mime": "1.3.6",
        "tunnel-agent": "0.6.0",
        "urllib": "2.22.0"
      },
      "dependencies": {
        "mime": {
          "version": "1.3.6",
          "resolved": "http://registry.npm.taobao.org/mime/download/mime-1.3.6.tgz",
          "integrity": "sha1-WR2E02U6awtKO5343lqoEI5y5eA="
        }
      }
    },
    "qs": {
      "version": "6.5.1",
      "resolved": "http://registry.npm.taobao.org/qs/download/qs-6.5.1.tgz",
      "integrity": "sha1-NJzfbu+J7EXBLX1es/wMhwNDptg="
    },
    "readable-stream": {
      "version": "2.3.3",
      "resolved": "http://registry.npm.taobao.org/readable-stream/download/readable-stream-2.3.3.tgz",
      "integrity": "sha1-No8lEtefnUb9/HE0mueHi7weuVw=",
      "requires": {
        "core-util-is": "1.0.2",
        "inherits": "2.0.3",
        "isarray": "1.0.0",
        "process-nextick-args": "1.0.7",
        "safe-buffer": "5.1.1",
        "string_decoder": "1.0.3",
        "util-deprecate": "1.0.2"
      }
    },
    "regexp-clone": {
      "version": "0.0.1",
      "resolved": "http://registry.npm.taobao.org/regexp-clone/download/regexp-clone-0.0.1.tgz",
      "integrity": "sha1-p8LgmJH9vzj7sQ03b7cwA+aKxYk="
    },
    "require_optional": {
      "version": "1.0.1",
      "resolved": "http://registry.npm.taobao.org/require_optional/download/require_optional-1.0.1.tgz",
      "integrity": "sha1-TPNaQkf2TKPfjC7yCMxJSxyo/C4=",
      "requires": {
        "resolve-from": "2.0.0",
        "semver": "5.5.0"
      }
    },
    "resolve-from": {
      "version": "2.0.0",
      "resolved": "http://registry.npm.taobao.org/resolve-from/download/resolve-from-2.0.0.tgz",
      "integrity": "sha1-lICrIOlP+h2egKgEx+oUdhGWa1c="
    },
    "resolve-path": {
      "version": "1.3.3",
      "resolved": "http://registry.npm.taobao.org/resolve-path/download/resolve-path-1.3.3.tgz",
      "integrity": "sha1-TYOrpkaMK45jKldeP1Kw+g2+Glw=",
      "requires": {
        "http-errors": "1.5.1",
        "path-is-absolute": "1.0.1"
      },
      "dependencies": {
        "http-errors": {
          "version": "1.5.1",
          "resolved": "http://registry.npm.taobao.org/http-errors/download/http-errors-1.5.1.tgz",
          "integrity": "sha1-eIwNLB3iyBuebowBhDtrl+uSB1A=",
          "requires": {
            "inherits": "2.0.3",
            "setprototypeof": "1.0.2",
            "statuses": "1.4.0"
          }
        },
        "setprototypeof": {
          "version": "1.0.2",
          "resolved": "http://registry.npm.taobao.org/setprototypeof/download/setprototypeof-1.0.2.tgz",
          "integrity": "sha1-gaVSFB7BBLiOic44MQOtXGZWTQg="
        }
      }
    },
    "rimraf": {
      "version": "2.6.2",
      "resolved": "http://registry.npm.taobao.org/rimraf/download/rimraf-2.6.2.tgz",
      "integrity": "sha1-LtgVDSShbqhlHm1u8PR8QVjOejY=",
      "requires": {
        "glob": "7.1.2"
      }
    },
    "safe-buffer": {
      "version": "5.1.1",
      "resolved": "http://registry.npm.taobao.org/safe-buffer/download/safe-buffer-5.1.1.tgz",
      "integrity": "sha1-iTMSr2myEj3vcfV4iQAWce6yyFM="
    },
    "semver": {
      "version": "5.5.0",
      "resolved": "http://registry.npm.taobao.org/semver/download/semver-5.5.0.tgz",
      "integrity": "sha1-3Eu8emyp2Rbe5dQ1FvAJK1j3uKs="
    },
    "setprototypeof": {
      "version": "1.0.3",
      "resolved": "http://registry.npm.taobao.org/setprototypeof/download/setprototypeof-1.0.3.tgz",
      "integrity": "sha1-ZlZ+NwQ+608E2RvWWMDL77VbjgQ="
    },
    "sliced": {
      "version": "1.0.1",
      "resolved": "http://registry.npm.taobao.org/sliced/download/sliced-1.0.1.tgz",
      "integrity": "sha1-CzpmK10Ewxd7GSa+qCsD+Dei70E="
    },
    "statuses": {
      "version": "1.4.0",
      "resolved": "http://registry.npm.taobao.org/statuses/download/statuses-1.4.0.tgz",
      "integrity": "sha1-u3PURtonlhBu/MG2AaJT1sRr0Ic="
    },
    "string_decoder": {
      "version": "1.0.3",
      "resolved": "http://registry.npm.taobao.org/string_decoder/download/string_decoder-1.0.3.tgz",
      "integrity": "sha1-D8Z9fBQYJd6UKC3VNr7GubzoYKs=",
      "requires": {
        "safe-buffer": "5.1.1"
      }
    },
    "thenify": {
      "version": "3.3.0",
      "resolved": "http://registry.npm.taobao.org/thenify/download/thenify-3.3.0.tgz",
      "integrity": "sha1-5p44obq+lpsBCCB5eLn2K4hgSDk=",
      "requires": {
        "any-promise": "1.3.0"
      }
    },
    "thenify-all": {
      "version": "1.6.0",
      "resolved": "http://registry.npm.taobao.org/thenify-all/download/thenify-all-1.6.0.tgz",
      "integrity": "sha1-GhkY1ALY/D+Y+/I02wvMjMEOlyY=",
      "requires": {
        "thenify": "3.3.0"
      }
    },
    "through": {
      "version": "2.3.8",
      "resolved": "http://registry.npm.taobao.org/through/download/through-2.3.8.tgz",
      "integrity": "sha1-DdTJ/6q8NXlgsbckEV1+Doai4fU="
    },
    "tunnel-agent": {
      "version": "0.6.0",
      "resolved": "http://registry.npm.taobao.org/tunnel-agent/download/tunnel-agent-0.6.0.tgz",
      "integrity": "sha1-J6XeoGs2sEoKmWZ3SykIaPD8QP0=",
      "requires": {
        "safe-buffer": "5.1.1"
      }
    },
    "type-is": {
      "version": "1.6.15",
      "resolved": "http://registry.npm.taobao.org/type-is/download/type-is-1.6.15.tgz",
      "integrity": "sha1-yrEPtJCeRByChC6v4a1kbIGARBA=",
      "requires": {
        "media-typer": "0.3.0",
        "mime-types": "2.1.17"
      }
    },
    "typedarray": {
      "version": "0.0.6",
      "resolved": "http://registry.npm.taobao.org/typedarray/download/typedarray-0.0.6.tgz",
      "integrity": "sha1-hnrHTjhkGHsdPUfZlqeOxciDB3c="
    },
    "ultron": {
      "version": "1.1.1",
      "resolved": "http://registry.npm.taobao.org/ultron/download/ultron-1.1.1.tgz",
      "integrity": "sha1-n+FTahCmZKZSZqHjzPhf02MCvJw="
    },
    "urllib": {
      "version": "2.22.0",
      "resolved": "http://registry.npm.taobao.org/urllib/download/urllib-2.22.0.tgz",
      "integrity": "sha1-KWXcSuEnpvtpW32yfTGE8X2Cy0I=",
      "requires": {
        "any-promise": "1.3.0",
        "content-type": "1.0.4",
        "debug": "2.6.9",
        "default-user-agent": "1.0.0",
        "digest-header": "0.0.1",
        "ee-first": "1.1.1",
        "humanize-ms": "1.2.1",
        "iconv-lite": "0.4.19",
        "qs": "6.5.1",
        "statuses": "1.4.0"
      },
      "dependencies": {
        "debug": {
          "version": "2.6.9",
          "resolved": "http://registry.npm.taobao.org/debug/download/debug-2.6.9.tgz",
          "integrity": "sha1-XRKFFd8TT/Mn6QpMk/Tgd6U2NB8=",
          "requires": {
            "ms": "2.0.0"
          }
        }
      }
    },
    "util-deprecate": {
      "version": "1.0.2",
      "resolved": "http://registry.npm.taobao.org/util-deprecate/download/util-deprecate-1.0.2.tgz",
      "integrity": "sha1-RQ1Nyfpw3nMnYvvS1KKJgUGaDM8="
    },
    "utility": {
      "version": "0.1.11",
      "resolved": "http://registry.npm.taobao.org/utility/download/utility-0.1.11.tgz",
      "integrity": "sha1-/eYM+bTkdRlHoM9dEEzik2ciZxU=",
      "requires": {
        "address": "1.0.3"
      }
    },
    "vary": {
      "version": "1.1.2",
      "resolved": "http://registry.npm.taobao.org/vary/download/vary-1.1.2.tgz",
      "integrity": "sha1-IpnwLG3tMNSllhsLn3RSShj2NPw="
    },
    "win-release": {
      "version": "1.1.1",
      "resolved": "http://registry.npm.taobao.org/win-release/download/win-release-1.1.1.tgz",
      "integrity": "sha1-X6VeAr58qTTt/BJmVjLoSbcuUgk=",
      "requires": {
        "semver": "5.5.0"
      }
    },
    "wrappy": {
      "version": "1.0.2",
      "resolved": "http://registry.npm.taobao.org/wrappy/download/wrappy-1.0.2.tgz",
      "integrity": "sha1-tSQ9jz7BqjXxNkYFvA0QNuMKtp8="
    },
    "ws": {
      "version": "3.3.3",
      "resolved": "http://registry.npm.taobao.org/ws/download/ws-3.3.3.tgz",
      "integrity": "sha1-8c+E/i1ekB686U767OeF8YeiKPI=",
      "requires": {
        "async-limiter": "1.0.0",
        "safe-buffer": "5.1.1",
        "ultron": "1.1.1"
      }
    },
    "yauzl": {
      "version": "2.4.1",
      "resolved": "http://registry.npm.taobao.org/yauzl/download/yauzl-2.4.1.tgz",
      "integrity": "sha1-lSj0QtqxsihOWLQ3m7GU4i4MQAU=",
      "requires": {
        "fd-slicer": "1.0.1"
      }
    }
  }
}
